<?xml version="1.0" encoding="utf-8"?>
<Project ToolsVersion="4.0" xmlns="http://schemas.microsoft.com/developer/msbuild/2003">
  <ItemGroup>
    <Filter Include="소스 파일">
      <UniqueIdentifier>{4FC737F1-C7A5-4376-A066-2A32D752A2FF}</UniqueIdentifier>
      <Extensions>cpp;c;cc;cxx;def;odl;idl;hpj;bat;asm;asmx</Extensions>
    </Filter>
    <Filter Include="헤더 파일">
      <UniqueIdentifier>{93995380-89BD-4b04-88EB-625FBE52EBFB}</UniqueIdentifier>
      <Extensions>h;hh;hpp;hxx;hm;inl;inc;ipp;xsd</Extensions>
    </Filter>
    <Filter Include="리소스 파일">
      <UniqueIdentifier>{67DA6AB6-F800-4c08-8B7A-83BB121AAD01}</UniqueIdentifier>
      <Extensions>rc;ico;cur;bmp;dlg;rc2;rct;bin;rgs;gif;jpg;jpeg;jpe;resx;tiff;tif;png;wav;mfcribbon-ms</Extensions>
    </Filter>
  </ItemGroup>
  <ItemGroup>
    <ClCompile Include="C++_Basic_Plus_11.cpp">
      <Filter>소스 파일</Filter>
    </ClCompile>
    <ClCompile Include="C++_Basic_Plus_12.cpp">
      <Filter>소스 파일</Filter>
    </ClCompile>
    <ClCompile Include="C++_Basic_Plus_13.cpp">
      <Filter>소스 파일</Filter>
    </ClCompile>
    <ClCompile Include="C++_Basic_Plus_14.cpp">
      <Filter>소스 파일</Filter>
    </ClCompile>
    <ClCompile Include="C++_Basic_Plus_20.cpp">
      <Filter>소스 파일</Filter>
    </ClCompile>
    <ClCompile Include="C++_Basic_Plus_21.cpp">
      <Filter>소스 파일</Filter>
    </ClCompile>
    <ClCompile Include="C++_Basic_Plus_25.cpp">
      <Filter>소스 파일</Filter>
    </ClCompile>
    <ClCompile Include="C++_Basic_Plus_26.cpp">
      <Filter>소스 파일</Filter>
    </ClCompile>
    <ClCompile Include="account.cpp">
      <Filter>소스 파일</Filter>
    </ClCompile>
    <ClCompile Include="mytime1.cpp">
      <Filter>소스 파일</Filter>
    </ClCompile>
    <ClCompile Include="complex0.cpp">
      <Filter>소스 파일</Filter>
    </ClCompile>
    <ClCompile Include="C++_Basic_Plus_27.cpp">
      <Filter>소스 파일</Filter>
    </ClCompile>
    <ClCompile Include="C++_Basic_Plus_28.cpp">
      <Filter>소스 파일</Filter>
    </ClCompile>
    <ClCompile Include="StringBad.cpp">
      <Filter>소스 파일</Filter>
    </ClCompile>
    <ClCompile Include="hanoi.cpp">
      <Filter>소스 파일</Filter>
    </ClCompile>
    <ClCompile Include="C++_Basic_Plus_6_01.cpp">
      <Filter>소스 파일</Filter>
    </ClCompile>
    <ClCompile Include="Circle2D.cpp">
      <Filter>소스 파일</Filter>
    </ClCompile>
    <ClCompile Include="Rectangle2D.cpp">
      <Filter>소스 파일</Filter>
    </ClCompile>
    <ClCompile Include="MyPoint.cpp">
      <Filter>소스 파일</Filter>
    </ClCompile>
    <ClCompile Include="tabtenn0.cpp">
      <Filter>소스 파일</Filter>
    </ClCompile>
    <ClCompile Include="C++_Basic_Plus_6_02.cpp">
      <Filter>소스 파일</Filter>
    </ClCompile>
    <ClCompile Include="Brass.cpp">
      <Filter>소스 파일</Filter>
    </ClCompile>
    <ClCompile Include="AcctABC.cpp">
      <Filter>소스 파일</Filter>
    </ClCompile>
    <ClCompile Include="GeometricObject.cpp">
      <Filter>소스 파일</Filter>
    </ClCompile>
    <ClCompile Include="C++_Basic_Plus_6_03.cpp">
      <Filter>소스 파일</Filter>
    </ClCompile>
    <ClCompile Include="Stopwatch.cpp">
      <Filter>소스 파일</Filter>
    </ClCompile>
    <ClCompile Include="C++_Basic_Plus_6_04.cpp">
      <Filter>소스 파일</Filter>
    </ClCompile>
    <ClCompile Include="Worker0.cpp">
      <Filter>소스 파일</Filter>
    </ClCompile>
    <ClCompile Include="C++_Basic_Plus_6_08.cpp">
      <Filter>소스 파일</Filter>
    </ClCompile>
    <ClCompile Include="sort.cpp">
      <Filter>소스 파일</Filter>
    </ClCompile>
    <ClCompile Include="C++_Basic_Plus_6_09.cpp">
      <Filter>소스 파일</Filter>
    </ClCompile>
    <ClCompile Include="Tv.cpp">
      <Filter>소스 파일</Filter>
    </ClCompile>
    <ClCompile Include="C++_Basic_Plus_6_10.cpp">
      <Filter>소스 파일</Filter>
    </ClCompile>
    <ClCompile Include="C++_Basic_Plus_6_11.cpp">
      <Filter>소스 파일</Filter>
    </ClCompile>
    <ClCompile Include="C++_Basic_Plus_6_15.cpp">
      <Filter>소스 파일</Filter>
    </ClCompile>
    <ClCompile Include="C++_Basic_Plus_6_16.cpp">
      <Filter>소스 파일</Filter>
    </ClCompile>
    <ClCompile Include="Algorithm_CH8.cpp">
      <Filter>소스 파일</Filter>
    </ClCompile>
    <ClCompile Include="Algorithm_CH9.cpp">
      <Filter>소스 파일</Filter>
    </ClCompile>
    <ClCompile Include="List.cpp">
      <Filter>소스 파일</Filter>
    </ClCompile>
    <ClCompile Include="Algorithm_CH10.cpp">
      <Filter>소스 파일</Filter>
    </ClCompile>
    <ClCompile Include="Tree.cpp">
      <Filter>소스 파일</Filter>
    </ClCompile>
  </ItemGroup>
  <ItemGroup>
    <ClInclude Include="account.h">
      <Filter>헤더 파일</Filter>
    </ClInclude>
    <ClInclude Include="mytime1.h">
      <Filter>헤더 파일</Filter>
    </ClInclude>
    <ClInclude Include="complex0.h">
      <Filter>헤더 파일</Filter>
    </ClInclude>
    <ClInclude Include="StringBad.h">
      <Filter>헤더 파일</Filter>
    </ClInclude>
    <ClInclude Include="Circle2D.h">
      <Filter>헤더 파일</Filter>
    </ClInclude>
    <ClInclude Include="Rectangle2D.h">
      <Filter>헤더 파일</Filter>
    </ClInclude>
    <ClInclude Include="MyPoint.h">
      <Filter>헤더 파일</Filter>
    </ClInclude>
    <ClInclude Include="tabtenn0.h">
      <Filter>헤더 파일</Filter>
    </ClInclude>
    <ClInclude Include="Brass.h">
      <Filter>헤더 파일</Filter>
    </ClInclude>
    <ClInclude Include="AcctABC.h">
      <Filter>헤더 파일</Filter>
    </ClInclude>
    <ClInclude Include="GeometricObject.h">
      <Filter>헤더 파일</Filter>
    </ClInclude>
    <ClInclude Include="Stopwatch.h">
      <Filter>헤더 파일</Filter>
    </ClInclude>
    <ClInclude Include="Worker0.h">
      <Filter>헤더 파일</Filter>
    </ClInclude>
    <ClInclude Include="Stacktp.h">
      <Filter>헤더 파일</Filter>
    </ClInclude>
    <ClInclude Include="Tv.h">
      <Filter>헤더 파일</Filter>
    </ClInclude>
    <ClInclude Include="Queuetp.h">
      <Filter>헤더 파일</Filter>
    </ClInclude>
    <ClInclude Include="List.h">
      <Filter>헤더 파일</Filter>
    </ClInclude>
    <ClInclude Include="Tree.h">
      <Filter>헤더 파일</Filter>
    </ClInclude>
  </ItemGroup>
</Project>